// !$*UTF8*$!
{
	archiveVersion = 1;
	classes = {
	};
	objectVersion = 77;
	objects = {

/* Begin PBXContainerItemProxy section */
		5FD689F92D4BD01B00A88240 /* PBXContainerItemProxy */ = {
			isa = PBXContainerItemProxy;
			containerPortal = 5FD689DB2D4BD01900A88240 /* Project object */;
			proxyType = 1;
			remoteGlobalIDString = 5FD689E22D4BD01900A88240;
			remoteInfo = SwipeAssessment;
		};
		5FD68A032D4BD01B00A88240 /* PBXContainerItemProxy */ = {
			isa = PBXContainerItemProxy;
			containerPortal = 5FD689DB2D4BD01900A88240 /* Project object */;
			proxyType = 1;
			remoteGlobalIDString = 5FD689E22D4BD01900A88240;
			remoteInfo = SwipeAssessment;
		};
/* End PBXContainerItemProxy section */

/* Begin PBXFileReference section */
		5FD689E32D4BD01900A88240 /* SwipeAssessment.app */ = {isa = PBXFileReference; explicitFileType = wrapper.application; includeInIndex = 0; path = SwipeAssessment.app; sourceTree = BUILT_PRODUCTS_DIR; };
		5FD689F82D4BD01B00A88240 /* SwipeAssessmentTests.xctest */ = {isa = PBXFileReference; explicitFileType = wrapper.cfbundle; includeInIndex = 0; path = SwipeAssessmentTests.xctest; sourceTree = BUILT_PRODUCTS_DIR; };
		5FD68A022D4BD01B00A88240 /* SwipeAssessmentUITests.xctest */ = {isa = PBXFileReference; explicitFileType = wrapper.cfbundle; includeInIndex = 0; path = SwipeAssessmentUITests.xctest; sourceTree = BUILT_PRODUCTS_DIR; };
/* End PBXFileReference section */

/* Begin PBXFileSystemSynchronizedRootGroup section */
		5FD689E52D4BD01900A88240 /* SwipeAssessment */ = {
			isa = PBXFileSystemSynchronizedRootGroup;
			path = SwipeAssessment;
			sourceTree = "<group>";
		};
		5FD689FB2D4BD01B00A88240 /* SwipeAssessmentTests */ = {
			isa = PBXFileSystemSynchronizedRootGroup;
			path = SwipeAssessmentTests;
			sourceTree = "<group>";
		};
		5FD68A052D4BD01B00A88240 /* SwipeAssessmentUITests */ = {
			isa = PBXFileSystemSynchronizedRootGroup;
			path = SwipeAssessmentUITests;
			sourceTree = "<group>";
		};
/* End PBXFileSystemSynchronizedRootGroup section */

/* Begin PBXFrameworksBuildPhase section */
		5FD689E02D4BD01900A88240 /* Frameworks */ = {
			isa = PBXFrameworksBuildPhase;
			buildActionMask = 2147483647;
			files = (
			);
			runOnlyForDeploymentPostprocessing = 0;
		};
		5FD689F52D4BD01B00A88240 /* Frameworks */ = {
			isa = PBXFrameworksBuildPhase;
			buildActionMask = 2147483647;
			files = (
			);
			runOnlyForDeploymentPostprocessing = 0;
		};
		5FD689FF2D4BD01B00A88240 /* Frameworks */ = {
			isa = PBXFrameworksBuildPhase;
			buildActionMask = 2147483647;
			files = (
			);
			runOnlyForDeploymentPostprocessing = 0;
		};
/* End PBXFrameworksBuildPhase section */

/* Begin PBXGroup section */
		5FD689DA2D4BD01900A88240 = {
			isa = PBXGroup;
			children = (
				5FD689E52D4BD01900A88240 /* SwipeAssessment */,
				5FD689FB2D4BD01B00A88240 /* SwipeAssessmentTests */,
				5FD68A052D4BD01B00A88240 /* SwipeAssessmentUITests */,
				5FD689E42D4BD01900A88240 /* Products */,
			);
			sourceTree = "<group>";
		};
		5FD689E42D4BD01900A88240 /* Products */ = {
			isa = PBXGroup;
			children = (
				5FD689E32D4BD01900A88240 /* SwipeAssessment.app */,
				5FD689F82D4BD01B00A88240 /* SwipeAssessmentTests.xctest */,
				5FD68A022D4BD01B00A88240 /* SwipeAssessmentUITests.xctest */,
			);
			name = Products;
			sourceTree = "<group>";
		};
/* End PBXGroup section */

/* Begin PBXNativeTarget section */
		5FD689E22D4BD01900A88240 /* SwipeAssessment */ = {
			isa = PBXNativeTarget;
			buildConfigurationList = 5FD68A0C2D4BD01B00A88240 /* Build configuration list for PBXNativeTarget "SwipeAssessment" */;
			buildPhases = (
				5FD689DF2D4BD01900A88240 /* Sources */,
				5FD689E02D4BD01900A88240 /* Frameworks */,
				5FD689E12D4BD01900A88240 /* Resources */,
			);
			buildRules = (
			);
			dependencies = (
			);
			fileSystemSynchronizedGroups = (
				5FD689E52D4BD01900A88240 /* SwipeAssessment */,
			);
			name = SwipeAssessment;
			packageProductDependencies = (
			);
			productName = SwipeAssessment;
			productReference = 5FD689E32D4BD01900A88240 /* SwipeAssessment.app */;
			productType = "com.apple.product-type.application";
		};
		5FD689F72D4BD01B00A88240 /* SwipeAssessmentTests */ = {
			isa = PBXNativeTarget;
			buildConfigurationList = 5FD68A0F2D4BD01B00A88240 /* Build configuration list for PBXNativeTarget "SwipeAssessmentTests" */;
			buildPhases = (
				5FD689F42D4BD01B00A88240 /* Sources */,
				5FD689F52D4BD01B00A88240 /* Frameworks */,
				5FD689F62D4BD01B00A88240 /* Resources */,
			);
			buildRules = (
			);
			dependencies = (
				5FD689FA2D4BD01B00A88240 /* PBXTargetDependency */,
			);
			fileSystemSynchronizedGroups = (
				5FD689FB2D4BD01B00A88240 /* SwipeAssessmentTests */,
			);
			name = SwipeAssessmentTests;
			packageProductDependencies = (
			);
			productName = SwipeAssessmentTests;
			productReference = 5FD689F82D4BD01B00A88240 /* SwipeAssessmentTests.xctest */;
			productType = "com.apple.product-type.bundle.unit-test";
		};
		5FD68A012D4BD01B00A88240 /* SwipeAssessmentUITests */ = {
			isa = PBXNativeTarget;
			buildConfigurationList = 5FD68A122D4BD01B00A88240 /* Build configuration list for PBXNativeTarget "SwipeAssessmentUITests" */;
			buildPhases = (
				5FD689FE2D4BD01B00A88240 /* Sources */,
				5FD689FF2D4BD01B00A88240 /* Frameworks */,
				5FD68A002D4BD01B00A88240 /* Resources */,
			);
			buildRules = (
			);
			dependencies = (
				5FD68A042D4BD01B00A88240 /* PBXTargetDependency */,
			);
			fileSystemSynchronizedGroups = (
				5FD68A052D4BD01B00A88240 /* SwipeAssessmentUITests */,
			);
			name = SwipeAssessmentUITests;
			packageProductDependencies = (
			);
			productName = SwipeAssessmentUITests;
			productReference = 5FD68A022D4BD01B00A88240 /* SwipeAssessmentUITests.xctest */;
			productType = "com.apple.product-type.bundle.ui-testing";
		};
/* End PBXNativeTarget section */

/* Begin PBXProject section */
		5FD689DB2D4BD01900A88240 /* Project object */ = {
			isa = PBXProject;
			attributes = {
				BuildIndependentTargetsInParallel = 1;
				LastSwiftUpdateCheck = 1620;
				LastUpgradeCheck = 1620;
				TargetAttributes = {
					5FD689E22D4BD01900A88240 = {
						CreatedOnToolsVersion = 16.2;
					};
					5FD689F72D4BD01B00A88240 = {
						CreatedOnToolsVersion = 16.2;
						TestTargetID = 5FD689E22D4BD01900A88240;
					};
					5FD68A012D4BD01B00A88240 = {
						CreatedOnToolsVersion = 16.2;
						TestTargetID = 5FD689E22D4BD01900A88240;
					};
				};
			};
			buildConfigurationList = 5FD689DE2D4BD01900A88240 /* Build configuration list for PBXProject "SwipeAssessment" */;
			developmentRegion = en;
			hasScannedForEncodings = 0;
			knownRegions = (
				en,
				Base,
			);
			mainGroup = 5FD689DA2D4BD01900A88240;
			minimizedProjectReferenceProxies = 1;
			preferredProjectObjectVersion = 77;
			productRefGroup = 5FD689E42D4BD01900A88240 /* Products */;
			projectDirPath = "";
			projectRoot = "";
			targets = (
				5FD689E22D4BD01900A88240 /* SwipeAssessment */,
				5FD689F72D4BD01B00A88240 /* SwipeAssessmentTests */,
				5FD68A012D4BD01B00A88240 /* SwipeAssessmentUITests */,
			);
		};
/* End PBXProject section */

/* Begin PBXResourcesBuildPhase section */
		5FD689E12D4BD01900A88240 /* Resources */ = {
			isa = PBXResourcesBuildPhase;
			buildActionMask = 2147483647;
			files = (
			);
			runOnlyForDeploymentPostprocessing = 0;
		};
		5FD689F62D4BD01B00A88240 /* Resources */ = {
			isa = PBXResourcesBuildPhase;
			buildActionMask = 2147483647;
			files = (
			);
			runOnlyForDeploymentPostprocessing = 0;
		};
		5FD68A002D4BD01B00A88240 /* Resources */ = {
			isa = PBXResourcesBuildPhase;
			buildActionMask = 2147483647;
			files = (
			);
			runOnlyForDeploymentPostprocessing = 0;
		};
/* End PBXResourcesBuildPhase section */

/* Begin PBXSourcesBuildPhase section */
		5FD689DF2D4BD01900A88240 /* Sources */ = {
			isa = PBXSourcesBuildPhase;
			buildActionMask = 2147483647;
			files = (
			);
			runOnlyForDeploymentPostprocessing = 0;
		};
		5FD689F42D4BD01B00A88240 /* Sources */ = {
			isa = PBXSourcesBuildPhase;
			buildActionMask = 2147483647;
			files = (
			);
			runOnlyForDeploymentPostprocessing = 0;
		};
		5FD689FE2D4BD01B00A88240 /* Sources */ = {
			isa = PBXSourcesBuildPhase;
			buildActionMask = 2147483647;
			files = (
			);
			runOnlyForDeploymentPostprocessing = 0;
		};
/* End PBXSourcesBuildPhase section */

/* Begin PBXTargetDependency section */
		5FD689FA2D4BD01B00A88240 /* PBXTargetDependency */ = {
			isa = PBXTargetDependency;
			target = 5FD689E22D4BD01900A88240 /* SwipeAssessment */;
			targetProxy = 5FD689F92D4BD01B00A88240 /* PBXContainerItemProxy */;
		};
		5FD68A042D4BD01B00A88240 /* PBXTargetDependency */ = {
			isa = PBXTargetDependency;
			target = 5FD689E22D4BD01900A88240 /* SwipeAssessment */;
			targetProxy = 5FD68A032D4BD01B00A88240 /* PBXContainerItemProxy */;
		};
/* End PBXTargetDependency section */

/* Begin XCBuildConfiguration section */
		5FD68A0A2D4BD01B00A88240 /* Debug */ = {
			isa = XCBuildConfiguration;
			buildSettings = {
				ALWAYS_SEARCH_USER_PATHS = NO;
				ASSETCATALOG_COMPILER_GENERATE_SWIFT_ASSET_SYMBOL_EXTENSIONS = YES;
				CLANG_ANALYZER_NONNULL = YES;
				CLANG_ANALYZER_NUMBER_OBJECT_CONVERSION = YES_AGGRESSIVE;
				CLANG_CXX_LANGUAGE_STANDARD = "gnu++20";
				CLANG_ENABLE_MODULES = YES;
				CLANG_ENABLE_OBJC_ARC = YES;
				CLANG_ENABLE_OBJC_WEAK = YES;
				CLANG_WARN_BLOCK_CAPTURE_AUTORELEASING = YES;
				CLANG_WARN_BOOL_CONVERSION = YES;
				CLANG_WARN_COMMA = YES;
				CLANG_WARN_CONSTANT_CONVERSION = YES;
				CLANG_WARN_DEPRECATED_OBJC_IMPLEMENTATIONS = YES;
				CLANG_WARN_DIRECT_OBJC_ISA_USAGE = YES_ERROR;
				CLANG_WARN_DOCUMENTATION_COMMENTS = YES;
				CLANG_WARN_EMPTY_BODY = YES;
				CLANG_WARN_ENUM_CONVERSION = YES;
				CLANG_WARN_INFINITE_RECURSION = YES;
				CLANG_WARN_INT_CONVERSION = YES;
				CLANG_WARN_NON_LITERAL_NULL_CONVERSION = YES;
				CLANG_WARN_OBJC_IMPLICIT_RETAIN_SELF = YES;
				CLANG_WARN_OBJC_LITERAL_CONVERSION = YES;
				CLANG_WARN_OBJC_ROOT_CLASS = YES_ERROR;
				CLANG_WARN_QUOTED_INCLUDE_IN_FRAMEWORK_HEADER = YES;
				CLANG_WARN_RANGE_LOOP_ANALYSIS = YES;
				CLANG_WARN_STRICT_PROTOTYPES = YES;
				CLANG_WARN_SUSPICIOUS_MOVE = YES;
				CLANG_WARN_UNGUARDED_AVAILABILITY = YES_AGGRESSIVE;
				CLANG_WARN_UNREACHABLE_CODE = YES;
				CLANG_WARN__DUPLICATE_METHOD_MATCH = YES;
				COPY_PHASE_STRIP = NO;
				DEBUG_INFORMATION_FORMAT = dwarf;
				ENABLE_STRICT_OBJC_MSGSEND = YES;
				ENABLE_TESTABILITY = YES;
				ENABLE_USER_SCRIPT_SANDBOXING = YES;
				GCC_C_LANGUAGE_STANDARD = gnu17;
				GCC_DYNAMIC_NO_PIC = NO;
				GCC_NO_COMMON_BLOCKS = YES;
				GCC_OPTIMIZATION_LEVEL = 0;
				GCC_PREPROCESSOR_DEFINITIONS = (
					"DEBUG=1",
					"$(inherited)",
				);
				GCC_WARN_64_TO_32_BIT_CONVERSION = YES;
				GCC_WARN_ABOUT_RETURN_TYPE = YES_ERROR;
				GCC_WARN_UNDECLARED_SELECTOR = YES;
				GCC_WARN_UNINITIALIZED_AUTOS = YES_AGGRESSIVE;
				GCC_WARN_UNUSED_FUNCTION = YES;
				GCC_WARN_UNUSED_VARIABLE = YES;
				IPHONEOS_DEPLOYMENT_TARGET = 18.2;
				LOCALIZATION_PREFERS_STRING_CATALOGS = YES;
				MTL_ENABLE_DEBUG_INFO = INCLUDE_SOURCE;
				MTL_FAST_MATH = YES;
				ONLY_ACTIVE_ARCH = YES;
				SDKROOT = iphoneos;
				SWIFT_ACTIVE_COMPILATION_CONDITIONS = "DEBUG $(inherited)";
				SWIFT_OPTIMIZATION_LEVEL = "-Onone";
			};
			name = Debug;
		};
		5FD68A0B2D4BD01B00A88240 /* Release */ = {
			isa = XCBuildConfiguration;
			buildSettings = {
				ALWAYS_SEARCH_USER_PATHS = NO;
				ASSETCATALOG_COMPILER_GENERATE_SWIFT_ASSET_SYMBOL_EXTENSIONS = YES;
				CLANG_ANALYZER_NONNULL = YES;
				CLANG_ANALYZER_NUMBER_OBJECT_CONVERSION = YES_AGGRESSIVE;
				CLANG_CXX_LANGUAGE_STANDARD = "gnu++20";
				CLANG_ENABLE_MODULES = YES;
				CLANG_ENABLE_OBJC_ARC = YES;
				CLANG_ENABLE_OBJC_WEAK = YES;
				CLANG_WARN_BLOCK_CAPTURE_AUTORELEASING = YES;
				CLANG_WARN_BOOL_CONVERSION = YES;
				CLANG_WARN_COMMA = YES;
				CLANG_WARN_CONSTANT_CONVERSION = YES;
				CLANG_WARN_DEPRECATED_OBJC_IMPLEMENTATIONS = YES;
				CLANG_WARN_DIRECT_OBJC_ISA_USAGE = YES_ERROR;
				CLANG_WARN_DOCUMENTATION_COMMENTS = YES;
				CLANG_WARN_EMPTY_BODY = YES;
				CLANG_WARN_ENUM_CONVERSION = YES;
				CLANG_WARN_INFINITE_RECURSION = YES;
				CLANG_WARN_INT_CONVERSION = YES;
				CLANG_WARN_NON_LITERAL_NULL_CONVERSION = YES;
				CLANG_WARN_OBJC_IMPLICIT_RETAIN_SELF = YES;
				CLANG_WARN_OBJC_LITERAL_CONVERSION = YES;
				CLANG_WARN_OBJC_ROOT_CLASS = YES_ERROR;
				CLANG_WARN_QUOTED_INCLUDE_IN_FRAMEWORK_HEADER = YES;
				CLANG_WARN_RANGE_LOOP_ANALYSIS = YES;
				CLANG_WARN_STRICT_PROTOTYPES = YES;
				CLANG_WARN_SUSPICIOUS_MOVE = YES;
				CLANG_WARN_UNGUARDED_AVAILABILITY = YES_AGGRESSIVE;
				CLANG_WARN_UNREACHABLE_CODE = YES;
				CLANG_WARN__DUPLICATE_METHOD_MATCH = YES;
				COPY_PHASE_STRIP = NO;
				DEBUG_INFORMATION_FORMAT = "dwarf-with-dsym";
				ENABLE_NS_ASSERTIONS = NO;
				ENABLE_STRICT_OBJC_MSGSEND = YES;
				ENABLE_USER_SCRIPT_SANDBOXING = YES;
				GCC_C_LANGUAGE_STANDARD = gnu17;
				GCC_NO_COMMON_BLOCKS = YES;
				GCC_WARN_64_TO_32_BIT_CONVERSION = YES;
				GCC_WARN_ABOUT_RETURN_TYPE = YES_ERROR;
				GCC_WARN_UNDECLARED_SELECTOR = YES;
				GCC_WARN_UNINITIALIZED_AUTOS = YES_AGGRESSIVE;
				GCC_WARN_UNUSED_FUNCTION = YES;
				GCC_WARN_UNUSED_VARIABLE = YES;
				IPHONEOS_DEPLOYMENT_TARGET = 18.2;
				LOCALIZATION_PREFERS_STRING_CATALOGS = YES;
				MTL_ENABLE_DEBUG_INFO = NO;
				MTL_FAST_MATH = YES;
				SDKROOT = iphoneos;
				SWIFT_COMPILATION_MODE = wholemodule;
				VALIDATE_PRODUCT = YES;
			};
			name = Release;
		};
		5FD68A0D2D4BD01B00A88240 /* Debug */ = {
			isa = XCBuildConfiguration;
			buildSettings = {
				ASSETCATALOG_COMPILER_APPICON_NAME = AppIcon;
				ASSETCATALOG_COMPILER_GLOBAL_ACCENT_COLOR_NAME = AccentColor;
				CODE_SIGN_STYLE = Automatic;
				CURRENT_PROJECT_VERSION = 1;
				DEVELOPMENT_ASSET_PATHS = "\"SwipeAssessment/Preview Content\"";
				ENABLE_PREVIEWS = YES;
				GENERATE_INFOPLIST_FILE = YES;
				INFOPLIST_KEY_UIApplicationSceneManifest_Generation = YES;
				INFOPLIST_KEY_UIApplicationSupportsIndirectInputEvents = YES;
				INFOPLIST_KEY_UILaunchScreen_Generation = YES;
				INFOPLIST_KEY_UISupportedInterfaceOrientations_iPad = "UIInterfaceOrientationPortrait UIInterfaceOrientationPortraitUpsideDown UIInterfaceOrientationLandscapeLeft UIInterfaceOrientationLandscapeRight";
				INFOPLIST_KEY_UISupportedInterfaceOrientations_iPhone = "UIInterfaceOrientationPortrait UIInterfaceOrientationLandscapeLeft UIInterfaceOrientationLandscapeRight";
				LD_RUNPATH_SEARCH_PATHS = (
					"$(inherited)",
					"@executable_path/Frameworks",
				);
				MARKETING_VERSION = 1.0;
				PRODUCT_BUNDLE_IDENTIFIER = swipe.SwipeAssessment;
				PRODUCT_NAME = "$(TARGET_NAME)";
				SWIFT_EMIT_LOC_STRINGS = YES;
				SWIFT_VERSION = 5.0;
				TARGETED_DEVICE_FAMILY = "1,2";
			};
			name = Debug;
		};
		5FD68A0E2D4BD01B00A88240 /* Release */ = {
			isa = XCBuildConfiguration;
			buildSettings = {
				ASSETCATALOG_COMPILER_APPICON_NAME = AppIcon;
				ASSETCATALOG_COMPILER_GLOBAL_ACCENT_COLOR_NAME = AccentColor;
				CODE_SIGN_STYLE = Automatic;
				CURRENT_PROJECT_VERSION = 1;
				DEVELOPMENT_ASSET_PATHS = "\"SwipeAssessment/Preview Content\"";
				ENABLE_PREVIEWS = YES;
				GENERATE_INFOPLIST_FILE = YES;
				INFOPLIST_KEY_UIApplicationSceneManifest_Generation = YES;
				INFOPLIST_KEY_UIApplicationSupportsIndirectInputEvents = YES;
				INFOPLIST_KEY_UILaunchScreen_Generation = YES;
				INFOPLIST_KEY_UISupportedInterfaceOrientations_iPad = "UIInterfaceOrientationPortrait UIInterfaceOrientationPortraitUpsideDown UIInterfaceOrientationLandscapeLeft UIInterfaceOrientationLandscapeRight";
				INFOPLIST_KEY_UISupportedInterfaceOrientations_iPhone = "UIInterfaceOrientationPortrait UIInterfaceOrientationLandscapeLeft UIInterfaceOrientationLandscapeRight";
				LD_RUNPATH_SEARCH_PATHS = (
					"$(inherited)",
					"@executable_path/Frameworks",
				);
				MARKETING_VERSION = 1.0;
				PRODUCT_BUNDLE_IDENTIFIER = swipe.SwipeAssessment;
				PRODUCT_NAME = "$(TARGET_NAME)";
				SWIFT_EMIT_LOC_STRINGS = YES;
				SWIFT_VERSION = 5.0;
				TARGETED_DEVICE_FAMILY = "1,2";
			};
			name = Release;
		};
		5FD68A102D4BD01B00A88240 /* Debug */ = {
			isa = XCBuildConfiguration;
			buildSettings = {
				BUNDLE_LOADER = "$(TEST_HOST)";
				CODE_SIGN_STYLE = Automatic;
				CURRENT_PROJECT_VERSION = 1;
				GENERATE_INFOPLIST_FILE = YES;
				IPHONEOS_DEPLOYMENT_TARGET = 18.2;
				MARKETING_VERSION = 1.0;
				PRODUCT_BUNDLE_IDENTIFIER = swipe.SwipeAssessmentTests;
				PRODUCT_NAME = "$(TARGET_NAME)";
				SWIFT_EMIT_LOC_STRINGS = NO;
				SWIFT_VERSION = 5.0;
				TARGETED_DEVICE_FAMILY = "1,2";
				TEST_HOST = "$(BUILT_PRODUCTS_DIR)/SwipeAssessment.app/$(BUNDLE_EXECUTABLE_FOLDER_PATH)/SwipeAssessment";
			};
			name = Debug;
		};
		5FD68A112D4BD01B00A88240 /* Release */ = {
			isa = XCBuildConfiguration;
			buildSettings = {
				BUNDLE_LOADER = "$(TEST_HOST)";
				CODE_SIGN_STYLE = Automatic;
				CURRENT_PROJECT_VERSION = 1;
				GENERATE_INFOPLIST_FILE = YES;
				IPHONEOS_DEPLOYMENT_TARGET = 18.2;
				MARKETING_VERSION = 1.0;
				PRODUCT_BUNDLE_IDENTIFIER = swipe.SwipeAssessmentTests;
				PRODUCT_NAME = "$(TARGET_NAME)";
				SWIFT_EMIT_LOC_STRINGS = NO;
				SWIFT_VERSION = 5.0;
				TARGETED_DEVICE_FAMILY = "1,2";
				TEST_HOST = "$(BUILT_PRODUCTS_DIR)/SwipeAssessment.app/$(BUNDLE_EXECUTABLE_FOLDER_PATH)/SwipeAssessment";
			};
			name = Release;
		};
		5FD68A132D4BD01B00A88240 /* Debug */ = {
			isa = XCBuildConfiguration;
			buildSettings = {
				CODE_SIGN_STYLE = Automatic;
				CURRENT_PROJECT_VERSION = 1;
				GENERATE_INFOPLIST_FILE = YES;
				MARKETING_VERSION = 1.0;
				PRODUCT_BUNDLE_IDENTIFIER = swipe.SwipeAssessmentUITests;
				PRODUCT_NAME = "$(TARGET_NAME)";
				SWIFT_EMIT_LOC_STRINGS = NO;
				SWIFT_VERSION = 5.0;
				TARGETED_DEVICE_FAMILY = "1,2";
				TEST_TARGET_NAME = SwipeAssessment;
			};
			name = Debug;
		};
		5FD68A142D4BD01B00A88240 /* Release */ = {
			isa = XCBuildConfiguration;
			buildSettings = {
				CODE_SIGN_STYLE = Automatic;
				CURRENT_PROJECT_VERSION = 1;
				GENERATE_INFOPLIST_FILE = YES;
				MARKETING_VERSION = 1.0;
				PRODUCT_BUNDLE_IDENTIFIER = swipe.SwipeAssessmentUITests;
				PRODUCT_NAME = "$(TARGET_NAME)";
				SWIFT_EMIT_LOC_STRINGS = NO;
				SWIFT_VERSION = 5.0;
				TARGETED_DEVICE_FAMILY = "1,2";
				TEST_TARGET_NAME = SwipeAssessment;
			};
			name = Release;
		};
/* End XCBuildConfiguration section */

/* Begin XCConfigurationList section */
		5FD689DE2D4BD01900A88240 /* Build configuration list for PBXProject "SwipeAssessment" */ = {
			isa = XCConfigurationList;
			buildConfigurations = (
				5FD68A0A2D4BD01B00A88240 /* Debug */,
				5FD68A0B2D4BD01B00A88240 /* Release */,
			);
			defaultConfigurationIsVisible = 0;
			defaultConfigurationName = Release;
		};
		5FD68A0C2D4BD01B00A88240 /* Build configuration list for PBXNativeTarget "SwipeAssessment" */ = {
			isa = XCConfigurationList;
			buildConfigurations = (
				5FD68A0D2D4BD01B00A88240 /* Debug */,
				5FD68A0E2D4BD01B00A88240 /* Release */,
			);
			defaultConfigurationIsVisible = 0;
			defaultConfigurationName = Release;
		};
		5FD68A0F2D4BD01B00A88240 /* Build configuration list for PBXNativeTarget "SwipeAssessmentTests" */ = {
			isa = XCConfigurationList;
			buildConfigurations = (
				5FD68A102D4BD01B00A88240 /* Debug */,
				5FD68A112D4BD01B00A88240 /* Release */,
			);
			defaultConfigurationIsVisible = 0;
			defaultConfigurationName = Release;
		};
		5FD68A122D4BD01B00A88240 /* Build configuration list for PBXNativeTarget "SwipeAssessmentUITests" */ = {
			isa = XCConfigurationList;
			buildConfigurations = (
				5FD68A132D4BD01B00A88240 /* Debug */,
				5FD68A142D4BD01B00A88240 /* Release */,
			);
			defaultConfigurationIsVisible = 0;
			defaultConfigurationName = Release;
		};
/* End XCConfigurationList section */
	};
	rootObject = 5FD689DB2D4BD01900A88240 /* Project object */;
}
